{
    "requires": true,
    "lockfileVersion": 1,
    "dependencies": {
        "vue-notification": {
            "version": "1.3.16",
            "resolved": "https://registry.npmjs.org/vue-notification/-/vue-notification-1.3.16.tgz",
            "integrity": "sha512-ZL57GcyeAnJK5ItWWkZ3+wcf3OlLFs9WIukxXwJBSIzIXUlXXxXzeVkZrhUf3Q/FkbWWAYRmzKXXP742ZiyxOw=="
        }
    }
}
